
Microsoft Visual Studio Solution File, Format Version 12.00
# Visual Studio 15
VisualStudioVersion = 15.0.26730.12
MinimumVisualStudioVersion = 10.0.40219.1
Project("{FAE04EC0-301F-11D3-BF4B-00C04F79EFBC}") = "Projekt_ConsoleGameApp", "Projekt_ConsoleGameApp\Projekt_ConsoleGameApp.csproj", "{264F6DC8-0617-445B-BEF9-651D1850C27D}"
EndProject
Global
	GlobalSection(SolutionConfigurationPlatforms) = preSolution
		Debug|Any CPU = Debug|Any CPU
		Release|Any CPU = Release|Any CPU
	EndGlobalSection
	GlobalSection(ProjectConfigurationPlatforms) = postSolution
		{264F6DC8-0617-445B-BEF9-651D1850C27D}.Debug|Any CPU.ActiveCfg = Debug|Any CPU
		{264F6DC8-0617-445B-BEF9-651D1850C27D}.Debug|Any CPU.Build.0 = Debug|Any CPU
		{264F6DC8-0617-445B-BEF9-651D1850C27D}.Release|Any CPU.ActiveCfg = Release|Any CPU
		{264F6DC8-0617-445B-BEF9-651D1850C27D}.Release|Any CPU.Build.0 = Release|Any CPU
	EndGlobalSection
	GlobalSection(SolutionProperties) = preSolution
		HideSolutionNode = FALSE
	EndGlobalSection
	GlobalSection(ExtensibilityGlobals) = postSolution
		SolutionGuid = {0E0385CF-1320-42E7-B602-0583CFA11E20}
	EndGlobalSection
EndGlobal
